// !$*UTF8*$!
{
	archiveVersion = 1;
	classes = {
	};
	objectVersion = 56;
	objects = {

/* Begin PBXBuildFile section */
		AD711C232AB0781F004C4FE5 /* iosDevApp.swift in Sources */ = {isa = PBXBuildFile; fileRef = AD711C222AB0781F004C4FE5 /* iosDevApp.swift */; };
		AD711C252AB0781F004C4FE5 /* ContentView.swift in Sources */ = {isa = PBXBuildFile; fileRef = AD711C242AB0781F004C4FE5 /* ContentView.swift */; };
		AD711C272AB07820004C4FE5 /* Assets.xcassets in Resources */ = {isa = PBXBuildFile; fileRef = AD711C262AB07820004C4FE5 /* Assets.xcassets */; };
		AD711C2A2AB07820004C4FE5 /* Preview Assets.xcassets in Resources */ = {isa = PBXBuildFile; fileRef = AD711C292AB07820004C4FE5 /* Preview Assets.xcassets */; };
		AD711C342AB07820004C4FE5 /* iosDevTests.swift in Sources */ = {isa = PBXBuildFile; fileRef = AD711C332AB07820004C4FE5 /* iosDevTests.swift */; };
		AD711C3E2AB07820004C4FE5 /* iosDevUITests.swift in Sources */ = {isa = PBXBuildFile; fileRef = AD711C3D2AB07820004C4FE5 /* iosDevUITests.swift */; };
		AD711C402AB07820004C4FE5 /* iosDevUITestsLaunchTests.swift in Sources */ = {isa = PBXBuildFile; fileRef = AD711C3F2AB07820004C4FE5 /* iosDevUITestsLaunchTests.swift */; };
/* End PBXBuildFile section */

/* Begin PBXContainerItemProxy section */
		AD711C302AB07820004C4FE5 /* PBXContainerItemProxy */ = {
			isa = PBXContainerItemProxy;
			containerPortal = AD711C172AB0781F004C4FE5 /* Project object */;
			proxyType = 1;
			remoteGlobalIDString = AD711C1E2AB0781F004C4FE5;
			remoteInfo = iosDev;
		};
		AD711C3A2AB07820004C4FE5 /* PBXContainerItemProxy */ = {
			isa = PBXContainerItemProxy;
			containerPortal = AD711C172AB0781F004C4FE5 /* Project object */;
			proxyType = 1;
			remoteGlobalIDString = AD711C1E2AB0781F004C4FE5;
			remoteInfo = iosDev;
		};
/* End PBXContainerItemProxy section */

/* Begin PBXFileReference section */
		AD711C1F2AB0781F004C4FE5 /* iosDev.app */ = {isa = PBXFileReference; explicitFileType = wrapper.application; includeInIndex = 0; path = iosDev.app; sourceTree = BUILT_PRODUCTS_DIR; };
		AD711C222AB0781F004C4FE5 /* iosDevApp.swift */ = {isa = PBXFileReference; lastKnownFileType = sourcecode.swift; path = iosDevApp.swift; sourceTree = "<group>"; };
		AD711C242AB0781F004C4FE5 /* ContentView.swift */ = {isa = PBXFileReference; lastKnownFileType = sourcecode.swift; path = ContentView.swift; sourceTree = "<group>"; };
		AD711C262AB07820004C4FE5 /* Assets.xcassets */ = {isa = PBXFileReference; lastKnownFileType = folder.assetcatalog; path = Assets.xcassets; sourceTree = "<group>"; };
		AD711C292AB07820004C4FE5 /* Preview Assets.xcassets */ = {isa = PBXFileReference; lastKnownFileType = folder.assetcatalog; path = "Preview Assets.xcassets"; sourceTree = "<group>"; };
		AD711C2F2AB07820004C4FE5 /* iosDevTests.xctest */ = {isa = PBXFileReference; explicitFileType = wrapper.cfbundle; includeInIndex = 0; path = iosDevTests.xctest; sourceTree = BUILT_PRODUCTS_DIR; };
		AD711C332AB07820004C4FE5 /* iosDevTests.swift */ = {isa = PBXFileReference; lastKnownFileType = sourcecode.swift; path = iosDevTests.swift; sourceTree = "<group>"; };
		AD711C392AB07820004C4FE5 /* iosDevUITests.xctest */ = {isa = PBXFileReference; explicitFileType = wrapper.cfbundle; includeInIndex = 0; path = iosDevUITests.xctest; sourceTree = BUILT_PRODUCTS_DIR; };
		AD711C3D2AB07820004C4FE5 /* iosDevUITests.swift */ = {isa = PBXFileReference; lastKnownFileType = sourcecode.swift; path = iosDevUITests.swift; sourceTree = "<group>"; };
		AD711C3F2AB07820004C4FE5 /* iosDevUITestsLaunchTests.swift */ = {isa = PBXFileReference; lastKnownFileType = sourcecode.swift; path = iosDevUITestsLaunchTests.swift; sourceTree = "<group>"; };
/* End PBXFileReference section */

/* Begin PBXFrameworksBuildPhase section */
		AD711C1C2AB0781F004C4FE5 /* Frameworks */ = {
			isa = PBXFrameworksBuildPhase;
			buildActionMask = 2147483647;
			files = (
			);
			runOnlyForDeploymentPostprocessing = 0;
		};
		AD711C2C2AB07820004C4FE5 /* Frameworks */ = {
			isa = PBXFrameworksBuildPhase;
			buildActionMask = 2147483647;
			files = (
			);
			runOnlyForDeploymentPostprocessing = 0;
		};
		AD711C362AB07820004C4FE5 /* Frameworks */ = {
			isa = PBXFrameworksBuildPhase;
			buildActionMask = 2147483647;
			files = (
			);
			runOnlyForDeploymentPostprocessing = 0;
		};
/* End PBXFrameworksBuildPhase section */

/* Begin PBXGroup section */
		AD711C162AB0781F004C4FE5 = {
			isa = PBXGroup;
			children = (
				AD711C212AB0781F004C4FE5 /* iosDev */,
				AD711C322AB07820004C4FE5 /* iosDevTests */,
				AD711C3C2AB07820004C4FE5 /* iosDevUITests */,
				AD711C202AB0781F004C4FE5 /* Products */,
			);
			sourceTree = "<group>";
		};
		AD711C202AB0781F004C4FE5 /* Products */ = {
			isa = PBXGroup;
			children = (
				AD711C1F2AB0781F004C4FE5 /* iosDev.app */,
				AD711C2F2AB07820004C4FE5 /* iosDevTests.xctest */,
				AD711C392AB07820004C4FE5 /* iosDevUITests.xctest */,
			);
			name = Products;
			sourceTree = "<group>";
		};
		AD711C212AB0781F004C4FE5 /* iosDev */ = {
			isa = PBXGroup;
			children = (
				AD711C222AB0781F004C4FE5 /* iosDevApp.swift */,
				AD711C242AB0781F004C4FE5 /* ContentView.swift */,
				AD711C262AB07820004C4FE5 /* Assets.xcassets */,
				AD711C282AB07820004C4FE5 /* Preview Content */,
			);
			path = iosDev;
			sourceTree = "<group>";
		};
		AD711C282AB07820004C4FE5 /* Preview Content */ = {
			isa = PBXGroup;
			children = (
				AD711C292AB07820004C4FE5 /* Preview Assets.xcassets */,
			);
			path = "Preview Content";
			sourceTree = "<group>";
		};
		AD711C322AB07820004C4FE5 /* iosDevTests */ = {
			isa = PBXGroup;
			children = (
				AD711C332AB07820004C4FE5 /* iosDevTests.swift */,
			);
			path = iosDevTests;
			sourceTree = "<group>";
		};
		AD711C3C2AB07820004C4FE5 /* iosDevUITests */ = {
			isa = PBXGroup;
			children = (
				AD711C3D2AB07820004C4FE5 /* iosDevUITests.swift */,
				AD711C3F2AB07820004C4FE5 /* iosDevUITestsLaunchTests.swift */,
			);
			path = iosDevUITests;
			sourceTree = "<group>";
		};
/* End PBXGroup section */

/* Begin PBXNativeTarget section */
		AD711C1E2AB0781F004C4FE5 /* iosDev */ = {
			isa = PBXNativeTarget;
			buildConfigurationList = AD711C432AB07820004C4FE5 /* Build configuration list for PBXNativeTarget "iosDev" */;
			buildPhases = (
				AD711C1B2AB0781F004C4FE5 /* Sources */,
				AD711C1C2AB0781F004C4FE5 /* Frameworks */,
				AD711C1D2AB0781F004C4FE5 /* Resources */,
			);
			buildRules = (
			);
			dependencies = (
			);
			name = iosDev;
			productName = iosDev;
			productReference = AD711C1F2AB0781F004C4FE5 /* iosDev.app */;
			productType = "com.apple.product-type.application";
		};
		AD711C2E2AB07820004C4FE5 /* iosDevTests */ = {
			isa = PBXNativeTarget;
			buildConfigurationList = AD711C462AB07820004C4FE5 /* Build configuration list for PBXNativeTarget "iosDevTests" */;
			buildPhases = (
				AD711C2B2AB07820004C4FE5 /* Sources */,
				AD711C2C2AB07820004C4FE5 /* Frameworks */,
				AD711C2D2AB07820004C4FE5 /* Resources */,
			);
			buildRules = (
			);
			dependencies = (
				AD711C312AB07820004C4FE5 /* PBXTargetDependency */,
			);
			name = iosDevTests;
			productName = iosDevTests;
			productReference = AD711C2F2AB07820004C4FE5 /* iosDevTests.xctest */;
			productType = "com.apple.product-type.bundle.unit-test";
		};
		AD711C382AB07820004C4FE5 /* iosDevUITests */ = {
			isa = PBXNativeTarget;
			buildConfigurationList = AD711C492AB07820004C4FE5 /* Build configuration list for PBXNativeTarget "iosDevUITests" */;
			buildPhases = (
				AD711C352AB07820004C4FE5 /* Sources */,
				AD711C362AB07820004C4FE5 /* Frameworks */,
				AD711C372AB07820004C4FE5 /* Resources */,
			);
			buildRules = (
			);
			dependencies = (
				AD711C3B2AB07820004C4FE5 /* PBXTargetDependency */,
			);
			name = iosDevUITests;
			productName = iosDevUITests;
			productReference = AD711C392AB07820004C4FE5 /* iosDevUITests.xctest */;
			productType = "com.apple.product-type.bundle.ui-testing";
		};
/* End PBXNativeTarget section */

/* Begin PBXProject section */
		AD711C172AB0781F004C4FE5 /* Project object */ = {
			isa = PBXProject;
			attributes = {
				BuildIndependentTargetsInParallel = 1;
				LastSwiftUpdateCheck = 1430;
				LastUpgradeCheck = 1430;
				TargetAttributes = {
					AD711C1E2AB0781F004C4FE5 = {
						CreatedOnToolsVersion = 14.3.1;
					};
					AD711C2E2AB07820004C4FE5 = {
						CreatedOnToolsVersion = 14.3.1;
						TestTargetID = AD711C1E2AB0781F004C4FE5;
					};
					AD711C382AB07820004C4FE5 = {
						CreatedOnToolsVersion = 14.3.1;
						TestTargetID = AD711C1E2AB0781F004C4FE5;
					};
				};
			};
			buildConfigurationList = AD711C1A2AB0781F004C4FE5 /* Build configuration list for PBXProject "iosDev" */;
			compatibilityVersion = "Xcode 14.0";
			developmentRegion = en;
			hasScannedForEncodings = 0;
			knownRegions = (
				en,
				Base,
			);
			mainGroup = AD711C162AB0781F004C4FE5;
			productRefGroup = AD711C202AB0781F004C4FE5 /* Products */;
			projectDirPath = "";
			projectRoot = "";
			targets = (
				AD711C1E2AB0781F004C4FE5 /* iosDev */,
				AD711C2E2AB07820004C4FE5 /* iosDevTests */,
				AD711C382AB07820004C4FE5 /* iosDevUITests */,
			);
		};
/* End PBXProject section */

/* Begin PBXResourcesBuildPhase section */
		AD711C1D2AB0781F004C4FE5 /* Resources */ = {
			isa = PBXResourcesBuildPhase;
			buildActionMask = 2147483647;
			files = (
				AD711C2A2AB07820004C4FE5 /* Preview Assets.xcassets in Resources */,
				AD711C272AB07820004C4FE5 /* Assets.xcassets in Resources */,
			);
			runOnlyForDeploymentPostprocessing = 0;
		};
		AD711C2D2AB07820004C4FE5 /* Resources */ = {
			isa = PBXResourcesBuildPhase;
			buildActionMask = 2147483647;
			files = (
			);
			runOnlyForDeploymentPostprocessing = 0;
		};
		AD711C372AB07820004C4FE5 /* Resources */ = {
			isa = PBXResourcesBuildPhase;
			buildActionMask = 2147483647;
			files = (
			);
			runOnlyForDeploymentPostprocessing = 0;
		};
/* End PBXResourcesBuildPhase section */

/* Begin PBXSourcesBuildPhase section */
		AD711C1B2AB0781F004C4FE5 /* Sources */ = {
			isa = PBXSourcesBuildPhase;
			buildActionMask = 2147483647;
			files = (
				AD711C252AB0781F004C4FE5 /* ContentView.swift in Sources */,
				AD711C232AB0781F004C4FE5 /* iosDevApp.swift in Sources */,
			);
			runOnlyForDeploymentPostprocessing = 0;
		};
		AD711C2B2AB07820004C4FE5 /* Sources */ = {
			isa = PBXSourcesBuildPhase;
			buildActionMask = 2147483647;
			files = (
				AD711C342AB07820004C4FE5 /* iosDevTests.swift in Sources */,
			);
			runOnlyForDeploymentPostprocessing = 0;
		};
		AD711C352AB07820004C4FE5 /* Sources */ = {
			isa = PBXSourcesBuildPhase;
			buildActionMask = 2147483647;
			files = (
				AD711C402AB07820004C4FE5 /* iosDevUITestsLaunchTests.swift in Sources */,
				AD711C3E2AB07820004C4FE5 /* iosDevUITests.swift in Sources */,
			);
			runOnlyForDeploymentPostprocessing = 0;
		};
/* End PBXSourcesBuildPhase section */

/* Begin PBXTargetDependency section */
		AD711C312AB07820004C4FE5 /* PBXTargetDependency */ = {
			isa = PBXTargetDependency;
			target = AD711C1E2AB0781F004C4FE5 /* iosDev */;
			targetProxy = AD711C302AB07820004C4FE5 /* PBXContainerItemProxy */;
		};
		AD711C3B2AB07820004C4FE5 /* PBXTargetDependency */ = {
			isa = PBXTargetDependency;
			target = AD711C1E2AB0781F004C4FE5 /* iosDev */;
			targetProxy = AD711C3A2AB07820004C4FE5 /* PBXContainerItemProxy */;
		};
/* End PBXTargetDependency section */

/* Begin XCBuildConfiguration section */
		AD711C412AB07820004C4FE5 /* Debug */ = {
			isa = XCBuildConfiguration;
			buildSettings = {
				ALWAYS_SEARCH_USER_PATHS = NO;
				CLANG_ANALYZER_NONNULL = YES;
				CLANG_ANALYZER_NUMBER_OBJECT_CONVERSION = YES_AGGRESSIVE;
				CLANG_CXX_LANGUAGE_STANDARD = "gnu++20";
				CLANG_ENABLE_MODULES = YES;
				CLANG_ENABLE_OBJC_ARC = YES;
				CLANG_ENABLE_OBJC_WEAK = YES;
				CLANG_WARN_BLOCK_CAPTURE_AUTORELEASING = YES;
				CLANG_WARN_BOOL_CONVERSION = YES;
				CLANG_WARN_COMMA = YES;
				CLANG_WARN_CONSTANT_CONVERSION = YES;
				CLANG_WARN_DEPRECATED_OBJC_IMPLEMENTATIONS = YES;
				CLANG_WARN_DIRECT_OBJC_ISA_USAGE = YES_ERROR;
				CLANG_WARN_DOCUMENTATION_COMMENTS = YES;
				CLANG_WARN_EMPTY_BODY = YES;
				CLANG_WARN_ENUM_CONVERSION = YES;
				CLANG_WARN_INFINITE_RECURSION = YES;
				CLANG_WARN_INT_CONVERSION = YES;
				CLANG_WARN_NON_LITERAL_NULL_CONVERSION = YES;
				CLANG_WARN_OBJC_IMPLICIT_RETAIN_SELF = YES;
				CLANG_WARN_OBJC_LITERAL_CONVERSION = YES;
				CLANG_WARN_OBJC_ROOT_CLASS = YES_ERROR;
				CLANG_WARN_QUOTED_INCLUDE_IN_FRAMEWORK_HEADER = YES;
				CLANG_WARN_RANGE_LOOP_ANALYSIS = YES;
				CLANG_WARN_STRICT_PROTOTYPES = YES;
				CLANG_WARN_SUSPICIOUS_MOVE = YES;
				CLANG_WARN_UNGUARDED_AVAILABILITY = YES_AGGRESSIVE;
				CLANG_WARN_UNREACHABLE_CODE = YES;
				CLANG_WARN__DUPLICATE_METHOD_MATCH = YES;
				COPY_PHASE_STRIP = NO;
				DEBUG_INFORMATION_FORMAT = dwarf;
				ENABLE_STRICT_OBJC_MSGSEND = YES;
				ENABLE_TESTABILITY = YES;
				GCC_C_LANGUAGE_STANDARD = gnu11;
				GCC_DYNAMIC_NO_PIC = NO;
				GCC_NO_COMMON_BLOCKS = YES;
				GCC_OPTIMIZATION_LEVEL = 0;
				GCC_PREPROCESSOR_DEFINITIONS = (
					"DEBUG=1",
					"$(inherited)",
				);
				GCC_WARN_64_TO_32_BIT_CONVERSION = YES;
				GCC_WARN_ABOUT_RETURN_TYPE = YES_ERROR;
				GCC_WARN_UNDECLARED_SELECTOR = YES;
				GCC_WARN_UNINITIALIZED_AUTOS = YES_AGGRESSIVE;
				GCC_WARN_UNUSED_FUNCTION = YES;
				GCC_WARN_UNUSED_VARIABLE = YES;
				IPHONEOS_DEPLOYMENT_TARGET = 16.4;
				MTL_ENABLE_DEBUG_INFO = INCLUDE_SOURCE;
				MTL_FAST_MATH = YES;
				ONLY_ACTIVE_ARCH = YES;
				SDKROOT = iphoneos;
				SWIFT_ACTIVE_COMPILATION_CONDITIONS = DEBUG;
				SWIFT_OPTIMIZATION_LEVEL = "-Onone";
			};
			name = Debug;
		};
		AD711C422AB07820004C4FE5 /* Release */ = {
			isa = XCBuildConfiguration;
			buildSettings = {
				ALWAYS_SEARCH_USER_PATHS = NO;
				CLANG_ANALYZER_NONNULL = YES;
				CLANG_ANALYZER_NUMBER_OBJECT_CONVERSION = YES_AGGRESSIVE;
				CLANG_CXX_LANGUAGE_STANDARD = "gnu++20";
				CLANG_ENABLE_MODULES = YES;
				CLANG_ENABLE_OBJC_ARC = YES;
				CLANG_ENABLE_OBJC_WEAK = YES;
				CLANG_WARN_BLOCK_CAPTURE_AUTORELEASING = YES;
				CLANG_WARN_BOOL_CONVERSION = YES;
				CLANG_WARN_COMMA = YES;
				CLANG_WARN_CONSTANT_CONVERSION = YES;
				CLANG_WARN_DEPRECATED_OBJC_IMPLEMENTATIONS = YES;
				CLANG_WARN_DIRECT_OBJC_ISA_USAGE = YES_ERROR;
				CLANG_WARN_DOCUMENTATION_COMMENTS = YES;
				CLANG_WARN_EMPTY_BODY = YES;
				CLANG_WARN_ENUM_CONVERSION = YES;
				CLANG_WARN_INFINITE_RECURSION = YES;
				CLANG_WARN_INT_CONVERSION = YES;
				CLANG_WARN_NON_LITERAL_NULL_CONVERSION = YES;
				CLANG_WARN_OBJC_IMPLICIT_RETAIN_SELF = YES;
				CLANG_WARN_OBJC_LITERAL_CONVERSION = YES;
				CLANG_WARN_OBJC_ROOT_CLASS = YES_ERROR;
				CLANG_WARN_QUOTED_INCLUDE_IN_FRAMEWORK_HEADER = YES;
				CLANG_WARN_RANGE_LOOP_ANALYSIS = YES;
				CLANG_WARN_STRICT_PROTOTYPES = YES;
				CLANG_WARN_SUSPICIOUS_MOVE = YES;
				CLANG_WARN_UNGUARDED_AVAILABILITY = YES_AGGRESSIVE;
				CLANG_WARN_UNREACHABLE_CODE = YES;
				CLANG_WARN__DUPLICATE_METHOD_MATCH = YES;
				COPY_PHASE_STRIP = NO;
				DEBUG_INFORMATION_FORMAT = "dwarf-with-dsym";
				ENABLE_NS_ASSERTIONS = NO;
				ENABLE_STRICT_OBJC_MSGSEND = YES;
				GCC_C_LANGUAGE_STANDARD = gnu11;
				GCC_NO_COMMON_BLOCKS = YES;
				GCC_WARN_64_TO_32_BIT_CONVERSION = YES;
				GCC_WARN_ABOUT_RETURN_TYPE = YES_ERROR;
				GCC_WARN_UNDECLARED_SELECTOR = YES;
				GCC_WARN_UNINITIALIZED_AUTOS = YES_AGGRESSIVE;
				GCC_WARN_UNUSED_FUNCTION = YES;
				GCC_WARN_UNUSED_VARIABLE = YES;
				IPHONEOS_DEPLOYMENT_TARGET = 16.4;
				MTL_ENABLE_DEBUG_INFO = NO;
				MTL_FAST_MATH = YES;
				SDKROOT = iphoneos;
				SWIFT_COMPILATION_MODE = wholemodule;
				SWIFT_OPTIMIZATION_LEVEL = "-O";
				VALIDATE_PRODUCT = YES;
			};
			name = Release;
		};
		AD711C442AB07820004C4FE5 /* Debug */ = {
			isa = XCBuildConfiguration;
			buildSettings = {
				ASSETCATALOG_COMPILER_APPICON_NAME = AppIcon;
				ASSETCATALOG_COMPILER_GLOBAL_ACCENT_COLOR_NAME = AccentColor;
				CODE_SIGN_STYLE = Automatic;
				CURRENT_PROJECT_VERSION = 1;
				DEVELOPMENT_ASSET_PATHS = "\"iosDev/Preview Content\"";
				DEVELOPMENT_TEAM = X2YTU94F9H;
				ENABLE_PREVIEWS = YES;
				GENERATE_INFOPLIST_FILE = YES;
				INFOPLIST_KEY_UIApplicationSceneManifest_Generation = YES;
				INFOPLIST_KEY_UIApplicationSupportsIndirectInputEvents = YES;
				INFOPLIST_KEY_UILaunchScreen_Generation = YES;
				INFOPLIST_KEY_UISupportedInterfaceOrientations_iPad = "UIInterfaceOrientationPortrait UIInterfaceOrientationPortraitUpsideDown UIInterfaceOrientationLandscapeLeft UIInterfaceOrientationLandscapeRight";
				INFOPLIST_KEY_UISupportedInterfaceOrientations_iPhone = "UIInterfaceOrientationPortrait UIInterfaceOrientationLandscapeLeft UIInterfaceOrientationLandscapeRight";
				LD_RUNPATH_SEARCH_PATHS = (
					"$(inherited)",
					"@executable_path/Frameworks",
				);
				MARKETING_VERSION = 1.0;
				PRODUCT_BUNDLE_IDENTIFIER = au.edu.uts.iosDev;
				PRODUCT_NAME = "$(TARGET_NAME)";
				SWIFT_EMIT_LOC_STRINGS = YES;
				SWIFT_VERSION = 5.0;
				TARGETED_DEVICE_FAMILY = "1,2";
			};
			name = Debug;
		};
		AD711C452AB07820004C4FE5 /* Release */ = {
			isa = XCBuildConfiguration;
			buildSettings = {
				ASSETCATALOG_COMPILER_APPICON_NAME = AppIcon;
				ASSETCATALOG_COMPILER_GLOBAL_ACCENT_COLOR_NAME = AccentColor;
				CODE_SIGN_STYLE = Automatic;
				CURRENT_PROJECT_VERSION = 1;
				DEVELOPMENT_ASSET_PATHS = "\"iosDev/Preview Content\"";
				DEVELOPMENT_TEAM = X2YTU94F9H;
				ENABLE_PREVIEWS = YES;
				GENERATE_INFOPLIST_FILE = YES;
				INFOPLIST_KEY_UIApplicationSceneManifest_Generation = YES;
				INFOPLIST_KEY_UIApplicationSupportsIndirectInputEvents = YES;
				INFOPLIST_KEY_UILaunchScreen_Generation = YES;
				INFOPLIST_KEY_UISupportedInterfaceOrientations_iPad = "UIInterfaceOrientationPortrait UIInterfaceOrientationPortraitUpsideDown UIInterfaceOrientationLandscapeLeft UIInterfaceOrientationLandscapeRight";
				INFOPLIST_KEY_UISupportedInterfaceOrientations_iPhone = "UIInterfaceOrientationPortrait UIInterfaceOrientationLandscapeLeft UIInterfaceOrientationLandscapeRight";
				LD_RUNPATH_SEARCH_PATHS = (
					"$(inherited)",
					"@executable_path/Frameworks",
				);
				MARKETING_VERSION = 1.0;
				PRODUCT_BUNDLE_IDENTIFIER = au.edu.uts.iosDev;
				PRODUCT_NAME = "$(TARGET_NAME)";
				SWIFT_EMIT_LOC_STRINGS = YES;
				SWIFT_VERSION = 5.0;
				TARGETED_DEVICE_FAMILY = "1,2";
			};
			name = Release;
		};
		AD711C472AB07820004C4FE5 /* Debug */ = {
			isa = XCBuildConfiguration;
			buildSettings = {
				ALWAYS_EMBED_SWIFT_STANDARD_LIBRARIES = YES;
				BUNDLE_LOADER = "$(TEST_HOST)";
				CODE_SIGN_STYLE = Automatic;
				CURRENT_PROJECT_VERSION = 1;
				DEVELOPMENT_TEAM = X2YTU94F9H;
				GENERATE_INFOPLIST_FILE = YES;
				IPHONEOS_DEPLOYMENT_TARGET = 16.4;
				MARKETING_VERSION = 1.0;
				PRODUCT_BUNDLE_IDENTIFIER = au.edu.uts.iosDevTests;
				PRODUCT_NAME = "$(TARGET_NAME)";
				SWIFT_EMIT_LOC_STRINGS = NO;
				SWIFT_VERSION = 5.0;
				TARGETED_DEVICE_FAMILY = "1,2";
				TEST_HOST = "$(BUILT_PRODUCTS_DIR)/iosDev.app/$(BUNDLE_EXECUTABLE_FOLDER_PATH)/iosDev";
			};
			name = Debug;
		};
		AD711C482AB07820004C4FE5 /* Release */ = {
			isa = XCBuildConfiguration;
			buildSettings = {
				ALWAYS_EMBED_SWIFT_STANDARD_LIBRARIES = YES;
				BUNDLE_LOADER = "$(TEST_HOST)";
				CODE_SIGN_STYLE = Automatic;
				CURRENT_PROJECT_VERSION = 1;
				DEVELOPMENT_TEAM = X2YTU94F9H;
				GENERATE_INFOPLIST_FILE = YES;
				IPHONEOS_DEPLOYMENT_TARGET = 16.4;
				MARKETING_VERSION = 1.0;
				PRODUCT_BUNDLE_IDENTIFIER = au.edu.uts.iosDevTests;
				PRODUCT_NAME = "$(TARGET_NAME)";
				SWIFT_EMIT_LOC_STRINGS = NO;
				SWIFT_VERSION = 5.0;
				TARGETED_DEVICE_FAMILY = "1,2";
				TEST_HOST = "$(BUILT_PRODUCTS_DIR)/iosDev.app/$(BUNDLE_EXECUTABLE_FOLDER_PATH)/iosDev";
			};
			name = Release;
		};
		AD711C4A2AB07820004C4FE5 /* Debug */ = {
			isa = XCBuildConfiguration;
			buildSettings = {
				ALWAYS_EMBED_SWIFT_STANDARD_LIBRARIES = YES;
				CODE_SIGN_STYLE = Automatic;
				CURRENT_PROJECT_VERSION = 1;
				DEVELOPMENT_TEAM = X2YTU94F9H;
				GENERATE_INFOPLIST_FILE = YES;
				MARKETING_VERSION = 1.0;
				PRODUCT_BUNDLE_IDENTIFIER = au.edu.uts.iosDevUITests;
				PRODUCT_NAME = "$(TARGET_NAME)";
				SWIFT_EMIT_LOC_STRINGS = NO;
				SWIFT_VERSION = 5.0;
				TARGETED_DEVICE_FAMILY = "1,2";
				TEST_TARGET_NAME = iosDev;
			};
			name = Debug;
		};
		AD711C4B2AB07820004C4FE5 /* Release */ = {
			isa = XCBuildConfiguration;
			buildSettings = {
				ALWAYS_EMBED_SWIFT_STANDARD_LIBRARIES = YES;
				CODE_SIGN_STYLE = Automatic;
				CURRENT_PROJECT_VERSION = 1;
				DEVELOPMENT_TEAM = X2YTU94F9H;
				GENERATE_INFOPLIST_FILE = YES;
				MARKETING_VERSION = 1.0;
				PRODUCT_BUNDLE_IDENTIFIER = au.edu.uts.iosDevUITests;
				PRODUCT_NAME = "$(TARGET_NAME)";
				SWIFT_EMIT_LOC_STRINGS = NO;
				SWIFT_VERSION = 5.0;
				TARGETED_DEVICE_FAMILY = "1,2";
				TEST_TARGET_NAME = iosDev;
			};
			name = Release;
		};
/* End XCBuildConfiguration section */

/* Begin XCConfigurationList section */
		AD711C1A2AB0781F004C4FE5 /* Build configuration list for PBXProject "iosDev" */ = {
			isa = XCConfigurationList;
			buildConfigurations = (
				AD711C412AB07820004C4FE5 /* Debug */,
				AD711C422AB07820004C4FE5 /* Release */,
			);
			defaultConfigurationIsVisible = 0;
			defaultConfigurationName = Release;
		};
		AD711C432AB07820004C4FE5 /* Build configuration list for PBXNativeTarget "iosDev" */ = {
			isa = XCConfigurationList;
			buildConfigurations = (
				AD711C442AB07820004C4FE5 /* Debug */,
				AD711C452AB07820004C4FE5 /* Release */,
			);
			defaultConfigurationIsVisible = 0;
			defaultConfigurationName = Release;
		};
		AD711C462AB07820004C4FE5 /* Build configuration list for PBXNativeTarget "iosDevTests" */ = {
			isa = XCConfigurationList;
			buildConfigurations = (
				AD711C472AB07820004C4FE5 /* Debug */,
				AD711C482AB07820004C4FE5 /* Release */,
			);
			defaultConfigurationIsVisible = 0;
			defaultConfigurationName = Release;
		};
		AD711C492AB07820004C4FE5 /* Build configuration list for PBXNativeTarget "iosDevUITests" */ = {
			isa = XCConfigurationList;
			buildConfigurations = (
				AD711C4A2AB07820004C4FE5 /* Debug */,
				AD711C4B2AB07820004C4FE5 /* Release */,
			);
			defaultConfigurationIsVisible = 0;
			defaultConfigurationName = Release;
		};
/* End XCConfigurationList section */
	};
	rootObject = AD711C172AB0781F004C4FE5 /* Project object */;
}
